// !$*UTF8*$!
{
	archiveVersion = 1;
	classes = {
	};
	objectVersion = 46;
	objects = {

/* Begin PBXBuildFile section */
		0E8515C417FC780500FE1EF3 /* QuartzCore.framework in Frameworks */ = {isa = PBXBuildFile; fileRef = 0E8515C317FC780500FE1EF3 /* QuartzCore.framework */; };
		0E8515CA17FCB05B00FE1EF3 /* AssetsLibrary.framework in Frameworks */ = {isa = PBXBuildFile; fileRef = 0E8515C917FCB05B00FE1EF3 /* AssetsLibrary.framework */; settings = {ATTRIBUTES = (Required, ); }; };
		0EA380331573EA4B003F4582 /* ImageIO.framework in Frameworks */ = {isa = PBXBuildFile; fileRef = 0EA380321573EA4B003F4582 /* ImageIO.framework */; };
		2A5F016F18CF271B00A3EB4C /* MBProgressHUD.h in Headers */ = {isa = PBXBuildFile; fileRef = 2A5F015118CF271B00A3EB4C /* MBProgressHUD.h */; };
		2A5F017018CF271B00A3EB4C /* MBProgressHUD.m in Sources */ = {isa = PBXBuildFile; fileRef = 2A5F015218CF271B00A3EB4C /* MBProgressHUD.m */; };
		2A5F017118CF271B00A3EB4C /* NSData+ImageContentType.h in Headers */ = {isa = PBXBuildFile; fileRef = 2A5F015418CF271B00A3EB4C /* NSData+ImageContentType.h */; };
		2A5F017218CF271B00A3EB4C /* NSData+ImageContentType.m in Sources */ = {isa = PBXBuildFile; fileRef = 2A5F015518CF271B00A3EB4C /* NSData+ImageContentType.m */; };
		2A5F017318CF271B00A3EB4C /* SDImageCache.h in Headers */ = {isa = PBXBuildFile; fileRef = 2A5F015618CF271B00A3EB4C /* SDImageCache.h */; };
		2A5F017418CF271B00A3EB4C /* SDImageCache.m in Sources */ = {isa = PBXBuildFile; fileRef = 2A5F015718CF271B00A3EB4C /* SDImageCache.m */; };
		2A5F017518CF271B00A3EB4C /* SDWebImageCompat.h in Headers */ = {isa = PBXBuildFile; fileRef = 2A5F015818CF271B00A3EB4C /* SDWebImageCompat.h */; };
		2A5F017618CF271B00A3EB4C /* SDWebImageCompat.m in Sources */ = {isa = PBXBuildFile; fileRef = 2A5F015918CF271B00A3EB4C /* SDWebImageCompat.m */; };
		2A5F017718CF271B00A3EB4C /* SDWebImageDecoder.h in Headers */ = {isa = PBXBuildFile; fileRef = 2A5F015A18CF271B00A3EB4C /* SDWebImageDecoder.h */; };
		2A5F017818CF271B00A3EB4C /* SDWebImageDecoder.m in Sources */ = {isa = PBXBuildFile; fileRef = 2A5F015B18CF271B00A3EB4C /* SDWebImageDecoder.m */; };
		2A5F017918CF271B00A3EB4C /* SDWebImageDownloader.h in Headers */ = {isa = PBXBuildFile; fileRef = 2A5F015C18CF271B00A3EB4C /* SDWebImageDownloader.h */; };
		2A5F017A18CF271B00A3EB4C /* SDWebImageDownloader.m in Sources */ = {isa = PBXBuildFile; fileRef = 2A5F015D18CF271B00A3EB4C /* SDWebImageDownloader.m */; };
		2A5F017B18CF271B00A3EB4C /* SDWebImageDownloaderOperation.h in Headers */ = {isa = PBXBuildFile; fileRef = 2A5F015E18CF271B00A3EB4C /* SDWebImageDownloaderOperation.h */; };
		2A5F017C18CF271B00A3EB4C /* SDWebImageDownloaderOperation.m in Sources */ = {isa = PBXBuildFile; fileRef = 2A5F015F18CF271B00A3EB4C /* SDWebImageDownloaderOperation.m */; };
		2A5F017D18CF271B00A3EB4C /* SDWebImageManager.h in Headers */ = {isa = PBXBuildFile; fileRef = 2A5F016018CF271B00A3EB4C /* SDWebImageManager.h */; };
		2A5F017E18CF271B00A3EB4C /* SDWebImageManager.m in Sources */ = {isa = PBXBuildFile; fileRef = 2A5F016118CF271B00A3EB4C /* SDWebImageManager.m */; };
		2A5F017F18CF271B00A3EB4C /* SDWebImageOperation.h in Headers */ = {isa = PBXBuildFile; fileRef = 2A5F016218CF271B00A3EB4C /* SDWebImageOperation.h */; };
		2A5F018018CF271B00A3EB4C /* SDWebImagePrefetcher.h in Headers */ = {isa = PBXBuildFile; fileRef = 2A5F016318CF271B00A3EB4C /* SDWebImagePrefetcher.h */; };
		2A5F018118CF271B00A3EB4C /* SDWebImagePrefetcher.m in Sources */ = {isa = PBXBuildFile; fileRef = 2A5F016418CF271B00A3EB4C /* SDWebImagePrefetcher.m */; };
		2A5F018218CF271B00A3EB4C /* UIButton+WebCache.h in Headers */ = {isa = PBXBuildFile; fileRef = 2A5F016518CF271B00A3EB4C /* UIButton+WebCache.h */; };
		2A5F018318CF271B00A3EB4C /* UIButton+WebCache.m in Sources */ = {isa = PBXBuildFile; fileRef = 2A5F016618CF271B00A3EB4C /* UIButton+WebCache.m */; };
		2A5F018418CF271B00A3EB4C /* UIImage+GIF.h in Headers */ = {isa = PBXBuildFile; fileRef = 2A5F016718CF271B00A3EB4C /* UIImage+GIF.h */; };
		2A5F018518CF271B00A3EB4C /* UIImage+GIF.m in Sources */ = {isa = PBXBuildFile; fileRef = 2A5F016818CF271B00A3EB4C /* UIImage+GIF.m */; };
		2A5F018618CF271B00A3EB4C /* UIImage+MultiFormat.h in Headers */ = {isa = PBXBuildFile; fileRef = 2A5F016918CF271B00A3EB4C /* UIImage+MultiFormat.h */; };
		2A5F018718CF271B00A3EB4C /* UIImage+MultiFormat.m in Sources */ = {isa = PBXBuildFile; fileRef = 2A5F016A18CF271B00A3EB4C /* UIImage+MultiFormat.m */; };
		2A5F018818CF271B00A3EB4C /* UIImageView+WebCache.h in Headers */ = {isa = PBXBuildFile; fileRef = 2A5F016B18CF271B00A3EB4C /* UIImageView+WebCache.h */; };
		2A5F018918CF271B00A3EB4C /* UIImageView+WebCache.m in Sources */ = {isa = PBXBuildFile; fileRef = 2A5F016C18CF271B00A3EB4C /* UIImageView+WebCache.m */; };
		2A5F019B18CF272600A3EB4C /* MWCaptionView.h in Headers */ = {isa = PBXBuildFile; fileRef = 2A5F018B18CF272600A3EB4C /* MWCaptionView.h */; };
		2A5F019C18CF272600A3EB4C /* MWCaptionView.m in Sources */ = {isa = PBXBuildFile; fileRef = 2A5F018C18CF272600A3EB4C /* MWCaptionView.m */; };
		2A5F019D18CF272600A3EB4C /* MWCommon.h in Headers */ = {isa = PBXBuildFile; fileRef = 2A5F018D18CF272600A3EB4C /* MWCommon.h */; };
		2A5F019E18CF272600A3EB4C /* MWPhoto.h in Headers */ = {isa = PBXBuildFile; fileRef = 2A5F018E18CF272600A3EB4C /* MWPhoto.h */; };
		2A5F019F18CF272600A3EB4C /* MWPhoto.m in Sources */ = {isa = PBXBuildFile; fileRef = 2A5F018F18CF272600A3EB4C /* MWPhoto.m */; };
		2A5F01A018CF272600A3EB4C /* MWPhotoActionsDelegate.h in Headers */ = {isa = PBXBuildFile; fileRef = 2A5F019018CF272600A3EB4C /* MWPhotoActionsDelegate.h */; };
		2A5F01A118CF272600A3EB4C /* MWPhotoBrowser.h in Headers */ = {isa = PBXBuildFile; fileRef = 2A5F019118CF272600A3EB4C /* MWPhotoBrowser.h */; };
		2A5F01A218CF272600A3EB4C /* MWPhotoBrowser.m in Sources */ = {isa = PBXBuildFile; fileRef = 2A5F019218CF272600A3EB4C /* MWPhotoBrowser.m */; };
		2A5F01A318CF272600A3EB4C /* MWPhotoBrowserPrivate.h in Headers */ = {isa = PBXBuildFile; fileRef = 2A5F019318CF272600A3EB4C /* MWPhotoBrowserPrivate.h */; };
		2A5F01A418CF272600A3EB4C /* MWPhotoProtocol.h in Headers */ = {isa = PBXBuildFile; fileRef = 2A5F019418CF272600A3EB4C /* MWPhotoProtocol.h */; };
		2A5F01A518CF272600A3EB4C /* MWTapDetectingImageView.h in Headers */ = {isa = PBXBuildFile; fileRef = 2A5F019518CF272600A3EB4C /* MWTapDetectingImageView.h */; };
		2A5F01A618CF272600A3EB4C /* MWTapDetectingImageView.m in Sources */ = {isa = PBXBuildFile; fileRef = 2A5F019618CF272600A3EB4C /* MWTapDetectingImageView.m */; };
		2A5F01A718CF272600A3EB4C /* MWTapDetectingView.h in Headers */ = {isa = PBXBuildFile; fileRef = 2A5F019718CF272600A3EB4C /* MWTapDetectingView.h */; };
		2A5F01A818CF272600A3EB4C /* MWTapDetectingView.m in Sources */ = {isa = PBXBuildFile; fileRef = 2A5F019818CF272600A3EB4C /* MWTapDetectingView.m */; };
		2A5F01A918CF272600A3EB4C /* MWZoomingScrollView.h in Headers */ = {isa = PBXBuildFile; fileRef = 2A5F019918CF272600A3EB4C /* MWZoomingScrollView.h */; };
		2A5F01AA18CF272600A3EB4C /* MWZoomingScrollView.m in Sources */ = {isa = PBXBuildFile; fileRef = 2A5F019A18CF272600A3EB4C /* MWZoomingScrollView.m */; };
		2AD7E7D118E42A21006BE6F2 /* MKAnnotationView+WebCache.h in Headers */ = {isa = PBXBuildFile; fileRef = 2AD7E7CD18E42A21006BE6F2 /* MKAnnotationView+WebCache.h */; };
		2AD7E7D218E42A21006BE6F2 /* MKAnnotationView+WebCache.m in Sources */ = {isa = PBXBuildFile; fileRef = 2AD7E7CE18E42A21006BE6F2 /* MKAnnotationView+WebCache.m */; };
		2AD7E7D318E42A21006BE6F2 /* UIImage+WebP.h in Headers */ = {isa = PBXBuildFile; fileRef = 2AD7E7CF18E42A21006BE6F2 /* UIImage+WebP.h */; };
		2AD7E7D418E42A21006BE6F2 /* UIImage+WebP.m in Sources */ = {isa = PBXBuildFile; fileRef = 2AD7E7D018E42A21006BE6F2 /* UIImage+WebP.m */; };
		4C6F96C814AF704100F8389A /* Foundation.framework in Frameworks */ = {isa = PBXBuildFile; fileRef = 4C6F96C714AF704100F8389A /* Foundation.framework */; };
		4C6F97C714AF74E200F8389A /* MessageUI.framework in Frameworks */ = {isa = PBXBuildFile; fileRef = 4C6F97C614AF74E200F8389A /* MessageUI.framework */; };
/* End PBXBuildFile section */

/* Begin PBXFileReference section */
		0E8515C317FC780500FE1EF3 /* QuartzCore.framework */ = {isa = PBXFileReference; lastKnownFileType = wrapper.framework; name = QuartzCore.framework; path = System/Library/Frameworks/QuartzCore.framework; sourceTree = SDKROOT; };
		0E8515C917FCB05B00FE1EF3 /* AssetsLibrary.framework */ = {isa = PBXFileReference; lastKnownFileType = wrapper.framework; name = AssetsLibrary.framework; path = System/Library/Frameworks/AssetsLibrary.framework; sourceTree = SDKROOT; };
		0EA380321573EA4B003F4582 /* ImageIO.framework */ = {isa = PBXFileReference; lastKnownFileType = wrapper.framework; name = ImageIO.framework; path = System/Library/Frameworks/ImageIO.framework; sourceTree = SDKROOT; };
		2A5F015118CF271B00A3EB4C /* MBProgressHUD.h */ = {isa = PBXFileReference; fileEncoding = 4; lastKnownFileType = sourcecode.c.h; path = MBProgressHUD.h; sourceTree = "<group>"; };
		2A5F015218CF271B00A3EB4C /* MBProgressHUD.m */ = {isa = PBXFileReference; fileEncoding = 4; lastKnownFileType = sourcecode.c.objc; path = MBProgressHUD.m; sourceTree = "<group>"; };
		2A5F015418CF271B00A3EB4C /* NSData+ImageContentType.h */ = {isa = PBXFileReference; fileEncoding = 4; lastKnownFileType = sourcecode.c.h; path = "NSData+ImageContentType.h"; sourceTree = "<group>"; };
		2A5F015518CF271B00A3EB4C /* NSData+ImageContentType.m */ = {isa = PBXFileReference; fileEncoding = 4; lastKnownFileType = sourcecode.c.objc; path = "NSData+ImageContentType.m"; sourceTree = "<group>"; };
		2A5F015618CF271B00A3EB4C /* SDImageCache.h */ = {isa = PBXFileReference; fileEncoding = 4; lastKnownFileType = sourcecode.c.h; path = SDImageCache.h; sourceTree = "<group>"; };
		2A5F015718CF271B00A3EB4C /* SDImageCache.m */ = {isa = PBXFileReference; fileEncoding = 4; lastKnownFileType = sourcecode.c.objc; path = SDImageCache.m; sourceTree = "<group>"; };
		2A5F015818CF271B00A3EB4C /* SDWebImageCompat.h */ = {isa = PBXFileReference; fileEncoding = 4; lastKnownFileType = sourcecode.c.h; path = SDWebImageCompat.h; sourceTree = "<group>"; };
		2A5F015918CF271B00A3EB4C /* SDWebImageCompat.m */ = {isa = PBXFileReference; fileEncoding = 4; lastKnownFileType = sourcecode.c.objc; path = SDWebImageCompat.m; sourceTree = "<group>"; };
		2A5F015A18CF271B00A3EB4C /* SDWebImageDecoder.h */ = {isa = PBXFileReference; fileEncoding = 4; lastKnownFileType = sourcecode.c.h; path = SDWebImageDecoder.h; sourceTree = "<group>"; };
		2A5F015B18CF271B00A3EB4C /* SDWebImageDecoder.m */ = {isa = PBXFileReference; fileEncoding = 4; lastKnownFileType = sourcecode.c.objc; path = SDWebImageDecoder.m; sourceTree = "<group>"; };
		2A5F015C18CF271B00A3EB4C /* SDWebImageDownloader.h */ = {isa = PBXFileReference; fileEncoding = 4; lastKnownFileType = sourcecode.c.h; path = SDWebImageDownloader.h; sourceTree = "<group>"; };
		2A5F015D18CF271B00A3EB4C /* SDWebImageDownloader.m */ = {isa = PBXFileReference; fileEncoding = 4; lastKnownFileType = sourcecode.c.objc; path = SDWebImageDownloader.m; sourceTree = "<group>"; };
		2A5F015E18CF271B00A3EB4C /* SDWebImageDownloaderOperation.h */ = {isa = PBXFileReference; fileEncoding = 4; lastKnownFileType = sourcecode.c.h; path = SDWebImageDownloaderOperation.h; sourceTree = "<group>"; };
		2A5F015F18CF271B00A3EB4C /* SDWebImageDownloaderOperation.m */ = {isa = PBXFileReference; fileEncoding = 4; lastKnownFileType = sourcecode.c.objc; path = SDWebImageDownloaderOperation.m; sourceTree = "<group>"; };
		2A5F016018CF271B00A3EB4C /* SDWebImageManager.h */ = {isa = PBXFileReference; fileEncoding = 4; lastKnownFileType = sourcecode.c.h; path = SDWebImageManager.h; sourceTree = "<group>"; };
		2A5F016118CF271B00A3EB4C /* SDWebImageManager.m */ = {isa = PBXFileReference; fileEncoding = 4; lastKnownFileType = sourcecode.c.objc; path = SDWebImageManager.m; sourceTree = "<group>"; };
		2A5F016218CF271B00A3EB4C /* SDWebImageOperation.h */ = {isa = PBXFileReference; fileEncoding = 4; lastKnownFileType = sourcecode.c.h; path = SDWebImageOperation.h; sourceTree = "<group>"; };
		2A5F016318CF271B00A3EB4C /* SDWebImagePrefetcher.h */ = {isa = PBXFileReference; fileEncoding = 4; lastKnownFileType = sourcecode.c.h; path = SDWebImagePrefetcher.h; sourceTree = "<group>"; };
		2A5F016418CF271B00A3EB4C /* SDWebImagePrefetcher.m */ = {isa = PBXFileReference; fileEncoding = 4; lastKnownFileType = sourcecode.c.objc; path = SDWebImagePrefetcher.m; sourceTree = "<group>"; };
		2A5F016518CF271B00A3EB4C /* UIButton+WebCache.h */ = {isa = PBXFileReference; fileEncoding = 4; lastKnownFileType = sourcecode.c.h; path = "UIButton+WebCache.h"; sourceTree = "<group>"; };
		2A5F016618CF271B00A3EB4C /* UIButton+WebCache.m */ = {isa = PBXFileReference; fileEncoding = 4; lastKnownFileType = sourcecode.c.objc; path = "UIButton+WebCache.m"; sourceTree = "<group>"; };
		2A5F016718CF271B00A3EB4C /* UIImage+GIF.h */ = {isa = PBXFileReference; fileEncoding = 4; lastKnownFileType = sourcecode.c.h; path = "UIImage+GIF.h"; sourceTree = "<group>"; };
		2A5F016818CF271B00A3EB4C /* UIImage+GIF.m */ = {isa = PBXFileReference; fileEncoding = 4; lastKnownFileType = sourcecode.c.objc; path = "UIImage+GIF.m"; sourceTree = "<group>"; };
		2A5F016918CF271B00A3EB4C /* UIImage+MultiFormat.h */ = {isa = PBXFileReference; fileEncoding = 4; lastKnownFileType = sourcecode.c.h; path = "UIImage+MultiFormat.h"; sourceTree = "<group>"; };
		2A5F016A18CF271B00A3EB4C /* UIImage+MultiFormat.m */ = {isa = PBXFileReference; fileEncoding = 4; lastKnownFileType = sourcecode.c.objc; path = "UIImage+MultiFormat.m"; sourceTree = "<group>"; };
		2A5F016B18CF271B00A3EB4C /* UIImageView+WebCache.h */ = {isa = PBXFileReference; fileEncoding = 4; lastKnownFileType = sourcecode.c.h; path = "UIImageView+WebCache.h"; sourceTree = "<group>"; };
		2A5F016C18CF271B00A3EB4C /* UIImageView+WebCache.m */ = {isa = PBXFileReference; fileEncoding = 4; lastKnownFileType = sourcecode.c.objc; path = "UIImageView+WebCache.m"; sourceTree = "<group>"; };
		2A5F018B18CF272600A3EB4C /* MWCaptionView.h */ = {isa = PBXFileReference; fileEncoding = 4; lastKnownFileType = sourcecode.c.h; path = MWCaptionView.h; sourceTree = "<group>"; };
		2A5F018C18CF272600A3EB4C /* MWCaptionView.m */ = {isa = PBXFileReference; fileEncoding = 4; lastKnownFileType = sourcecode.c.objc; path = MWCaptionView.m; sourceTree = "<group>"; };
		2A5F018D18CF272600A3EB4C /* MWCommon.h */ = {isa = PBXFileReference; fileEncoding = 4; lastKnownFileType = sourcecode.c.h; path = MWCommon.h; sourceTree = "<group>"; };
		2A5F018E18CF272600A3EB4C /* MWPhoto.h */ = {isa = PBXFileReference; fileEncoding = 4; lastKnownFileType = sourcecode.c.h; path = MWPhoto.h; sourceTree = "<group>"; };
		2A5F018F18CF272600A3EB4C /* MWPhoto.m */ = {isa = PBXFileReference; fileEncoding = 4; lastKnownFileType = sourcecode.c.objc; path = MWPhoto.m; sourceTree = "<group>"; };
		2A5F019018CF272600A3EB4C /* MWPhotoActionsDelegate.h */ = {isa = PBXFileReference; fileEncoding = 4; lastKnownFileType = sourcecode.c.h; path = MWPhotoActionsDelegate.h; sourceTree = "<group>"; };
		2A5F019118CF272600A3EB4C /* MWPhotoBrowser.h */ = {isa = PBXFileReference; fileEncoding = 4; lastKnownFileType = sourcecode.c.h; path = MWPhotoBrowser.h; sourceTree = "<group>"; };
		2A5F019218CF272600A3EB4C /* MWPhotoBrowser.m */ = {isa = PBXFileReference; fileEncoding = 4; lastKnownFileType = sourcecode.c.objc; path = MWPhotoBrowser.m; sourceTree = "<group>"; };
		2A5F019318CF272600A3EB4C /* MWPhotoBrowserPrivate.h */ = {isa = PBXFileReference; fileEncoding = 4; lastKnownFileType = sourcecode.c.h; path = MWPhotoBrowserPrivate.h; sourceTree = "<group>"; };
		2A5F019418CF272600A3EB4C /* MWPhotoProtocol.h */ = {isa = PBXFileReference; fileEncoding = 4; lastKnownFileType = sourcecode.c.h; path = MWPhotoProtocol.h; sourceTree = "<group>"; };
		2A5F019518CF272600A3EB4C /* MWTapDetectingImageView.h */ = {isa = PBXFileReference; fileEncoding = 4; lastKnownFileType = sourcecode.c.h; path = MWTapDetectingImageView.h; sourceTree = "<group>"; };
		2A5F019618CF272600A3EB4C /* MWTapDetectingImageView.m */ = {isa = PBXFileReference; fileEncoding = 4; lastKnownFileType = sourcecode.c.objc; path = MWTapDetectingImageView.m; sourceTree = "<group>"; };
		2A5F019718CF272600A3EB4C /* MWTapDetectingView.h */ = {isa = PBXFileReference; fileEncoding = 4; lastKnownFileType = sourcecode.c.h; path = MWTapDetectingView.h; sourceTree = "<group>"; };
		2A5F019818CF272600A3EB4C /* MWTapDetectingView.m */ = {isa = PBXFileReference; fileEncoding = 4; lastKnownFileType = sourcecode.c.objc; path = MWTapDetectingView.m; sourceTree = "<group>"; };
		2A5F019918CF272600A3EB4C /* MWZoomingScrollView.h */ = {isa = PBXFileReference; fileEncoding = 4; lastKnownFileType = sourcecode.c.h; path = MWZoomingScrollView.h; sourceTree = "<group>"; };
		2A5F019A18CF272600A3EB4C /* MWZoomingScrollView.m */ = {isa = PBXFileReference; fileEncoding = 4; lastKnownFileType = sourcecode.c.objc; path = MWZoomingScrollView.m; sourceTree = "<group>"; };
		2AD7E7CD18E42A21006BE6F2 /* MKAnnotationView+WebCache.h */ = {isa = PBXFileReference; fileEncoding = 4; lastKnownFileType = sourcecode.c.h; path = "MKAnnotationView+WebCache.h"; sourceTree = "<group>"; };
		2AD7E7CE18E42A21006BE6F2 /* MKAnnotationView+WebCache.m */ = {isa = PBXFileReference; fileEncoding = 4; lastKnownFileType = sourcecode.c.objc; path = "MKAnnotationView+WebCache.m"; sourceTree = "<group>"; };
		2AD7E7CF18E42A21006BE6F2 /* UIImage+WebP.h */ = {isa = PBXFileReference; fileEncoding = 4; lastKnownFileType = sourcecode.c.h; path = "UIImage+WebP.h"; sourceTree = "<group>"; };
		2AD7E7D018E42A21006BE6F2 /* UIImage+WebP.m */ = {isa = PBXFileReference; fileEncoding = 4; lastKnownFileType = sourcecode.c.objc; path = "UIImage+WebP.m"; sourceTree = "<group>"; };
		4C6F96C414AF704100F8389A /* libMWPhotoBrowser.a */ = {isa = PBXFileReference; explicitFileType = archive.ar; includeInIndex = 0; path = libMWPhotoBrowser.a; sourceTree = BUILT_PRODUCTS_DIR; };
		4C6F96C714AF704100F8389A /* Foundation.framework */ = {isa = PBXFileReference; lastKnownFileType = wrapper.framework; name = Foundation.framework; path = System/Library/Frameworks/Foundation.framework; sourceTree = SDKROOT; };
		4C6F96CB14AF704100F8389A /* MWPhotoBrowser-Prefix.pch */ = {isa = PBXFileReference; lastKnownFileType = sourcecode.c.h; path = "MWPhotoBrowser-Prefix.pch"; sourceTree = SOURCE_ROOT; };
		4C6F96EF14AF70DC00F8389A /* MWPhotoBrowser.bundle */ = {isa = PBXFileReference; lastKnownFileType = "wrapper.plug-in"; path = MWPhotoBrowser.bundle; sourceTree = SOURCE_ROOT; };
		4C6F97C614AF74E200F8389A /* MessageUI.framework */ = {isa = PBXFileReference; lastKnownFileType = wrapper.framework; name = MessageUI.framework; path = System/Library/Frameworks/MessageUI.framework; sourceTree = SDKROOT; };
/* End PBXFileReference section */

/* Begin PBXFrameworksBuildPhase section */
		4C6F96C114AF704100F8389A /* Frameworks */ = {
			isa = PBXFrameworksBuildPhase;
			buildActionMask = 2147483647;
			files = (
				0E8515CA17FCB05B00FE1EF3 /* AssetsLibrary.framework in Frameworks */,
				0E8515C417FC780500FE1EF3 /* QuartzCore.framework in Frameworks */,
				0EA380331573EA4B003F4582 /* ImageIO.framework in Frameworks */,
				4C6F97C714AF74E200F8389A /* MessageUI.framework in Frameworks */,
				4C6F96C814AF704100F8389A /* Foundation.framework in Frameworks */,
			);
			runOnlyForDeploymentPostprocessing = 0;
		};
/* End PBXFrameworksBuildPhase section */

/* Begin PBXGroup section */
		2A5F014C18CF271B00A3EB4C /* Libraries */ = {
			isa = PBXGroup;
			children = (
				2A5F015018CF271B00A3EB4C /* MBProgressHUD */,
				2A5F015318CF271B00A3EB4C /* SDWebImage */,
			);
			path = Libraries;
			sourceTree = SOURCE_ROOT;
		};
		2A5F015018CF271B00A3EB4C /* MBProgressHUD */ = {
			isa = PBXGroup;
			children = (
				2A5F015118CF271B00A3EB4C /* MBProgressHUD.h */,
				2A5F015218CF271B00A3EB4C /* MBProgressHUD.m */,
			);
			path = MBProgressHUD;
			sourceTree = "<group>";
		};
		2A5F015318CF271B00A3EB4C /* SDWebImage */ = {
			isa = PBXGroup;
			children = (
				2AD7E7CD18E42A21006BE6F2 /* MKAnnotationView+WebCache.h */,
				2AD7E7CE18E42A21006BE6F2 /* MKAnnotationView+WebCache.m */,
				2AD7E7CF18E42A21006BE6F2 /* UIImage+WebP.h */,
				2AD7E7D018E42A21006BE6F2 /* UIImage+WebP.m */,
				2A5F015418CF271B00A3EB4C /* NSData+ImageContentType.h */,
				2A5F015518CF271B00A3EB4C /* NSData+ImageContentType.m */,
				2A5F015618CF271B00A3EB4C /* SDImageCache.h */,
				2A5F015718CF271B00A3EB4C /* SDImageCache.m */,
				2A5F015818CF271B00A3EB4C /* SDWebImageCompat.h */,
				2A5F015918CF271B00A3EB4C /* SDWebImageCompat.m */,
				2A5F015A18CF271B00A3EB4C /* SDWebImageDecoder.h */,
				2A5F015B18CF271B00A3EB4C /* SDWebImageDecoder.m */,
				2A5F015C18CF271B00A3EB4C /* SDWebImageDownloader.h */,
				2A5F015D18CF271B00A3EB4C /* SDWebImageDownloader.m */,
				2A5F015E18CF271B00A3EB4C /* SDWebImageDownloaderOperation.h */,
				2A5F015F18CF271B00A3EB4C /* SDWebImageDownloaderOperation.m */,
				2A5F016018CF271B00A3EB4C /* SDWebImageManager.h */,
				2A5F016118CF271B00A3EB4C /* SDWebImageManager.m */,
				2A5F016218CF271B00A3EB4C /* SDWebImageOperation.h */,
				2A5F016318CF271B00A3EB4C /* SDWebImagePrefetcher.h */,
				2A5F016418CF271B00A3EB4C /* SDWebImagePrefetcher.m */,
				2A5F016518CF271B00A3EB4C /* UIButton+WebCache.h */,
				2A5F016618CF271B00A3EB4C /* UIButton+WebCache.m */,
				2A5F016718CF271B00A3EB4C /* UIImage+GIF.h */,
				2A5F016818CF271B00A3EB4C /* UIImage+GIF.m */,
				2A5F016918CF271B00A3EB4C /* UIImage+MultiFormat.h */,
				2A5F016A18CF271B00A3EB4C /* UIImage+MultiFormat.m */,
				2A5F016B18CF271B00A3EB4C /* UIImageView+WebCache.h */,
				2A5F016C18CF271B00A3EB4C /* UIImageView+WebCache.m */,
			);
			path = SDWebImage;
			sourceTree = "<group>";
		};
		2A5F018A18CF272600A3EB4C /* Classes */ = {
			isa = PBXGroup;
			children = (
				2A5F018B18CF272600A3EB4C /* MWCaptionView.h */,
				2A5F018C18CF272600A3EB4C /* MWCaptionView.m */,
				2A5F018D18CF272600A3EB4C /* MWCommon.h */,
				2A5F018E18CF272600A3EB4C /* MWPhoto.h */,
				2A5F018F18CF272600A3EB4C /* MWPhoto.m */,
				2A5F019018CF272600A3EB4C /* MWPhotoActionsDelegate.h */,
				2A5F019118CF272600A3EB4C /* MWPhotoBrowser.h */,
				2A5F019218CF272600A3EB4C /* MWPhotoBrowser.m */,
				2A5F019318CF272600A3EB4C /* MWPhotoBrowserPrivate.h */,
				2A5F019418CF272600A3EB4C /* MWPhotoProtocol.h */,
				2A5F019518CF272600A3EB4C /* MWTapDetectingImageView.h */,
				2A5F019618CF272600A3EB4C /* MWTapDetectingImageView.m */,
				2A5F019718CF272600A3EB4C /* MWTapDetectingView.h */,
				2A5F019818CF272600A3EB4C /* MWTapDetectingView.m */,
				2A5F019918CF272600A3EB4C /* MWZoomingScrollView.h */,
				2A5F019A18CF272600A3EB4C /* MWZoomingScrollView.m */,
			);
			path = Classes;
			sourceTree = SOURCE_ROOT;
		};
		4C6F96B914AF704100F8389A = {
			isa = PBXGroup;
			children = (
				4C6F96C914AF704100F8389A /* MWPhotoBrowser */,
				4C6F97E114AF7CCE00F8389A /* Supporting Files */,
				4C6F96C614AF704100F8389A /* Frameworks */,
				4C6F96C514AF704100F8389A /* Products */,
			);
			sourceTree = "<group>";
		};
		4C6F96C514AF704100F8389A /* Products */ = {
			isa = PBXGroup;
			children = (
				4C6F96C414AF704100F8389A /* libMWPhotoBrowser.a */,
			);
			name = Products;
			sourceTree = "<group>";
		};
		4C6F96C614AF704100F8389A /* Frameworks */ = {
			isa = PBXGroup;
			children = (
				0E8515C917FCB05B00FE1EF3 /* AssetsLibrary.framework */,
				0E8515C317FC780500FE1EF3 /* QuartzCore.framework */,
				0EA380321573EA4B003F4582 /* ImageIO.framework */,
				4C6F97C614AF74E200F8389A /* MessageUI.framework */,
				4C6F96C714AF704100F8389A /* Foundation.framework */,
			);
			name = Frameworks;
			sourceTree = "<group>";
		};
		4C6F96C914AF704100F8389A /* MWPhotoBrowser */ = {
			isa = PBXGroup;
			children = (
				2A5F018A18CF272600A3EB4C /* Classes */,
				2A5F014C18CF271B00A3EB4C /* Libraries */,
				4C6F96EF14AF70DC00F8389A /* MWPhotoBrowser.bundle */,
			);
			path = MWPhotoBrowser;
			sourceTree = "<group>";
		};
		4C6F97E114AF7CCE00F8389A /* Supporting Files */ = {
			isa = PBXGroup;
			children = (
				4C6F96CB14AF704100F8389A /* MWPhotoBrowser-Prefix.pch */,
			);
			name = "Supporting Files";
			path = MWPhotoBrowser;
			sourceTree = "<group>";
		};
/* End PBXGroup section */

/* Begin PBXHeadersBuildPhase section */
		4C6F96C214AF704100F8389A /* Headers */ = {
			isa = PBXHeadersBuildPhase;
			buildActionMask = 2147483647;
			files = (
				2A5F016F18CF271B00A3EB4C /* MBProgressHUD.h in Headers */,
				2A5F017718CF271B00A3EB4C /* SDWebImageDecoder.h in Headers */,
				2AD7E7D318E42A21006BE6F2 /* UIImage+WebP.h in Headers */,
				2A5F019B18CF272600A3EB4C /* MWCaptionView.h in Headers */,
				2AD7E7D118E42A21006BE6F2 /* MKAnnotationView+WebCache.h in Headers */,
				2A5F017118CF271B00A3EB4C /* NSData+ImageContentType.h in Headers */,
				2A5F017518CF271B00A3EB4C /* SDWebImageCompat.h in Headers */,
				2A5F018218CF271B00A3EB4C /* UIButton+WebCache.h in Headers */,
				2A5F017918CF271B00A3EB4C /* SDWebImageDownloader.h in Headers */,
				2A5F01A518CF272600A3EB4C /* MWTapDetectingImageView.h in Headers */,
				2A5F01A918CF272600A3EB4C /* MWZoomingScrollView.h in Headers */,
				2A5F01A418CF272600A3EB4C /* MWPhotoProtocol.h in Headers */,
				2A5F019E18CF272600A3EB4C /* MWPhoto.h in Headers */,
				2A5F01A118CF272600A3EB4C /* MWPhotoBrowser.h in Headers */,
				2A5F01A018CF272600A3EB4C /* MWPhotoActionsDelegate.h in Headers */,
				2A5F018018CF271B00A3EB4C /* SDWebImagePrefetcher.h in Headers */,
				2A5F01A718CF272600A3EB4C /* MWTapDetectingView.h in Headers */,
				2A5F018818CF271B00A3EB4C /* UIImageView+WebCache.h in Headers */,
				2A5F018618CF271B00A3EB4C /* UIImage+MultiFormat.h in Headers */,
				2A5F017B18CF271B00A3EB4C /* SDWebImageDownloaderOperation.h in Headers */,
				2A5F017D18CF271B00A3EB4C /* SDWebImageManager.h in Headers */,
				2A5F017318CF271B00A3EB4C /* SDImageCache.h in Headers */,
				2A5F01A318CF272600A3EB4C /* MWPhotoBrowserPrivate.h in Headers */,
				2A5F017F18CF271B00A3EB4C /* SDWebImageOperation.h in Headers */,
				2A5F018418CF271B00A3EB4C /* UIImage+GIF.h in Headers */,
				2A5F019D18CF272600A3EB4C /* MWCommon.h in Headers */,
			);
			runOnlyForDeploymentPostprocessing = 0;
		};
/* End PBXHeadersBuildPhase section */

/* Begin PBXNativeTarget section */
		4C6F96C314AF704100F8389A /* MWPhotoBrowser */ = {
			isa = PBXNativeTarget;
			buildConfigurationList = 4C6F96D114AF704100F8389A /* Build configuration list for PBXNativeTarget "MWPhotoBrowser" */;
			buildPhases = (
				4C6F96C014AF704100F8389A /* Sources */,
				4C6F96C114AF704100F8389A /* Frameworks */,
				4C6F96C214AF704100F8389A /* Headers */,
			);
			buildRules = (
			);
			dependencies = (
			);
			name = MWPhotoBrowser;
			productName = MWPhotoBrowser;
			productReference = 4C6F96C414AF704100F8389A /* libMWPhotoBrowser.a */;
			productType = "com.apple.product-type.library.static";
		};
/* End PBXNativeTarget section */

/* Begin PBXProject section */
		4C6F96BB14AF704100F8389A /* Project object */ = {
			isa = PBXProject;
			attributes = {
				LastUpgradeCheck = 0510;
			};
			buildConfigurationList = 4C6F96BE14AF704100F8389A /* Build configuration list for PBXProject "MWPhotoBrowser" */;
			compatibilityVersion = "Xcode 3.2";
			developmentRegion = English;
			hasScannedForEncodings = 0;
			knownRegions = (
				en,
			);
			mainGroup = 4C6F96B914AF704100F8389A;
			productRefGroup = 4C6F96C514AF704100F8389A /* Products */;
			projectDirPath = "";
			projectRoot = "";
			targets = (
				4C6F96C314AF704100F8389A /* MWPhotoBrowser */,
			);
		};
/* End PBXProject section */

/* Begin PBXSourcesBuildPhase section */
		4C6F96C014AF704100F8389A /* Sources */ = {
			isa = PBXSourcesBuildPhase;
			buildActionMask = 2147483647;
			files = (
				2A5F018718CF271B00A3EB4C /* UIImage+MultiFormat.m in Sources */,
				2A5F019F18CF272600A3EB4C /* MWPhoto.m in Sources */,
				2A5F01A218CF272600A3EB4C /* MWPhotoBrowser.m in Sources */,
				2A5F01A818CF272600A3EB4C /* MWTapDetectingView.m in Sources */,
				2AD7E7D418E42A21006BE6F2 /* UIImage+WebP.m in Sources */,
				2A5F018118CF271B00A3EB4C /* SDWebImagePrefetcher.m in Sources */,
				2A5F017218CF271B00A3EB4C /* NSData+ImageContentType.m in Sources */,
				2A5F018918CF271B00A3EB4C /* UIImageView+WebCache.m in Sources */,
				2A5F018318CF271B00A3EB4C /* UIButton+WebCache.m in Sources */,
				2A5F017C18CF271B00A3EB4C /* SDWebImageDownloaderOperation.m in Sources */,
				2A5F017E18CF271B00A3EB4C /* SDWebImageManager.m in Sources */,
				2A5F018518CF271B00A3EB4C /* UIImage+GIF.m in Sources */,
				2A5F019C18CF272600A3EB4C /* MWCaptionView.m in Sources */,
				2A5F01AA18CF272600A3EB4C /* MWZoomingScrollView.m in Sources */,
				2AD7E7D218E42A21006BE6F2 /* MKAnnotationView+WebCache.m in Sources */,
				2A5F01A618CF272600A3EB4C /* MWTapDetectingImageView.m in Sources */,
				2A5F017618CF271B00A3EB4C /* SDWebImageCompat.m in Sources */,
				2A5F017018CF271B00A3EB4C /* MBProgressHUD.m in Sources */,
				2A5F017818CF271B00A3EB4C /* SDWebImageDecoder.m in Sources */,
				2A5F017A18CF271B00A3EB4C /* SDWebImageDownloader.m in Sources */,
				2A5F017418CF271B00A3EB4C /* SDImageCache.m in Sources */,
			);
			runOnlyForDeploymentPostprocessing = 0;
		};
/* End PBXSourcesBuildPhase section */

/* Begin XCBuildConfiguration section */
		4C4FB12A14AF8A78000A5F46 /* Distribution */ = {
			isa = XCBuildConfiguration;
			buildSettings = {
				ALWAYS_SEARCH_USER_PATHS = NO;
				CLANG_WARN_BOOL_CONVERSION = YES;
				CLANG_WARN_CONSTANT_CONVERSION = YES;
				CLANG_WARN_EMPTY_BODY = YES;
				CLANG_WARN_ENUM_CONVERSION = YES;
				CLANG_WARN_INT_CONVERSION = YES;
				CLANG_WARN__DUPLICATE_METHOD_MATCH = YES;
				COPY_PHASE_STRIP = YES;
				GCC_C_LANGUAGE_STANDARD = gnu99;
				GCC_VERSION = com.apple.compilers.llvm.clang.1_0;
				GCC_WARN_64_TO_32_BIT_CONVERSION = YES;
				GCC_WARN_ABOUT_MISSING_PROTOTYPES = YES;
				GCC_WARN_ABOUT_RETURN_TYPE = YES;
				GCC_WARN_UNDECLARED_SELECTOR = YES;
				GCC_WARN_UNINITIALIZED_AUTOS = YES;
				GCC_WARN_UNUSED_FUNCTION = YES;
				GCC_WARN_UNUSED_VARIABLE = YES;
				IPHONEOS_DEPLOYMENT_TARGET = 6.0;
				SDKROOT = iphoneos;
				VALIDATE_PRODUCT = YES;
			};
			name = Distribution;
		};
		4C4FB12B14AF8A78000A5F46 /* Distribution */ = {
			isa = XCBuildConfiguration;
			buildSettings = {
				CLANG_ENABLE_OBJC_ARC = YES;
				DSTROOT = /tmp/MWPhotoBrowser.dst;
				GCC_PRECOMPILE_PREFIX_HEADER = YES;
				GCC_PREFIX_HEADER = "MWPhotoBrowser-Prefix.pch";
				PRODUCT_NAME = "$(TARGET_NAME)";
				SKIP_INSTALL = YES;
			};
			name = Distribution;
		};
		4C6F96CF14AF704100F8389A /* Debug */ = {
			isa = XCBuildConfiguration;
			buildSettings = {
				ALWAYS_SEARCH_USER_PATHS = NO;
				CLANG_WARN_BOOL_CONVERSION = YES;
				CLANG_WARN_CONSTANT_CONVERSION = YES;
				CLANG_WARN_EMPTY_BODY = YES;
				CLANG_WARN_ENUM_CONVERSION = YES;
				CLANG_WARN_INT_CONVERSION = YES;
				CLANG_WARN__DUPLICATE_METHOD_MATCH = YES;
				COPY_PHASE_STRIP = NO;
				GCC_C_LANGUAGE_STANDARD = gnu99;
				GCC_DYNAMIC_NO_PIC = NO;
				GCC_OPTIMIZATION_LEVEL = 0;
				GCC_PREPROCESSOR_DEFINITIONS = (
					"DEBUG=1",
					"$(inherited)",
				);
				GCC_SYMBOLS_PRIVATE_EXTERN = NO;
				GCC_VERSION = com.apple.compilers.llvm.clang.1_0;
				GCC_WARN_64_TO_32_BIT_CONVERSION = YES;
				GCC_WARN_ABOUT_MISSING_PROTOTYPES = YES;
				GCC_WARN_ABOUT_RETURN_TYPE = YES;
				GCC_WARN_UNDECLARED_SELECTOR = YES;
				GCC_WARN_UNINITIALIZED_AUTOS = YES;
				GCC_WARN_UNUSED_FUNCTION = YES;
				GCC_WARN_UNUSED_VARIABLE = YES;
				IPHONEOS_DEPLOYMENT_TARGET = 6.0;
				ONLY_ACTIVE_ARCH = YES;
				SDKROOT = iphoneos;
			};
			name = Debug;
		};
		4C6F96D014AF704100F8389A /* Release */ = {
			isa = XCBuildConfiguration;
			buildSettings = {
				ALWAYS_SEARCH_USER_PATHS = NO;
				CLANG_WARN_BOOL_CONVERSION = YES;
				CLANG_WARN_CONSTANT_CONVERSION = YES;
				CLANG_WARN_EMPTY_BODY = YES;
				CLANG_WARN_ENUM_CONVERSION = YES;
				CLANG_WARN_INT_CONVERSION = YES;
				CLANG_WARN__DUPLICATE_METHOD_MATCH = YES;
				COPY_PHASE_STRIP = YES;
				GCC_C_LANGUAGE_STANDARD = gnu99;
				GCC_VERSION = com.apple.compilers.llvm.clang.1_0;
				GCC_WARN_64_TO_32_BIT_CONVERSION = YES;
				GCC_WARN_ABOUT_MISSING_PROTOTYPES = YES;
				GCC_WARN_ABOUT_RETURN_TYPE = YES;
				GCC_WARN_UNDECLARED_SELECTOR = YES;
				GCC_WARN_UNINITIALIZED_AUTOS = YES;
				GCC_WARN_UNUSED_FUNCTION = YES;
				GCC_WARN_UNUSED_VARIABLE = YES;
				IPHONEOS_DEPLOYMENT_TARGET = 6.0;
				SDKROOT = iphoneos;
				VALIDATE_PRODUCT = YES;
			};
			name = Release;
		};
		4C6F96D214AF704100F8389A /* Debug */ = {
			isa = XCBuildConfiguration;
			buildSettings = {
				CLANG_ENABLE_OBJC_ARC = YES;
				DSTROOT = /tmp/MWPhotoBrowser.dst;
				GCC_PRECOMPILE_PREFIX_HEADER = YES;
				GCC_PREFIX_HEADER = "MWPhotoBrowser-Prefix.pch";
				PRODUCT_NAME = "$(TARGET_NAME)";
				SKIP_INSTALL = YES;
			};
			name = Debug;
		};
		4C6F96D314AF704100F8389A /* Release */ = {
			isa = XCBuildConfiguration;
			buildSettings = {
				CLANG_ENABLE_OBJC_ARC = YES;
				DSTROOT = /tmp/MWPhotoBrowser.dst;
				GCC_PRECOMPILE_PREFIX_HEADER = YES;
				GCC_PREFIX_HEADER = "MWPhotoBrowser-Prefix.pch";
				PRODUCT_NAME = "$(TARGET_NAME)";
				SKIP_INSTALL = YES;
			};
			name = Release;
		};
/* End XCBuildConfiguration section */

/* Begin XCConfigurationList section */
		4C6F96BE14AF704100F8389A /* Build configuration list for PBXProject "MWPhotoBrowser" */ = {
			isa = XCConfigurationList;
			buildConfigurations = (
				4C6F96CF14AF704100F8389A /* Debug */,
				4C6F96D014AF704100F8389A /* Release */,
				4C4FB12A14AF8A78000A5F46 /* Distribution */,
			);
			defaultConfigurationIsVisible = 0;
			defaultConfigurationName = Release;
		};
		4C6F96D114AF704100F8389A /* Build configuration list for PBXNativeTarget "MWPhotoBrowser" */ = {
			isa = XCConfigurationList;
			buildConfigurations = (
				4C6F96D214AF704100F8389A /* Debug */,
				4C6F96D314AF704100F8389A /* Release */,
				4C4FB12B14AF8A78000A5F46 /* Distribution */,
			);
			defaultConfigurationIsVisible = 0;
			defaultConfigurationName = Release;
		};
/* End XCConfigurationList section */
	};
	rootObject = 4C6F96BB14AF704100F8389A /* Project object */;
}
